// !$*UTF8*$!
{
	archiveVersion = 1;
	classes = {
	};
	objectVersion = 52;
	objects = {

/* Begin PBXBuildFile section */
		E1636B4923B717EE00CFA5A4 /* FFmpegVersion.swift in Sources */ = {isa = PBXBuildFile; fileRef = E1636B4823B717EE00CFA5A4 /* FFmpegVersion.swift */; };
		E1636B4B23B9BC4500CFA5A4 /* MatchRegularExpression.swift in Sources */ = {isa = PBXBuildFile; fileRef = E1636B4A23B9BC4500CFA5A4 /* MatchRegularExpression.swift */; };
		E1636B5323B9D87400CFA5A4 /* FFmpegLicense.swift in Sources */ = {isa = PBXBuildFile; fileRef = E1636B5223B9D87400CFA5A4 /* FFmpegLicense.swift */; };
		E1636B5523BB0E7C00CFA5A4 /* FFmpegProtocols.swift in Sources */ = {isa = PBXBuildFile; fileRef = E1636B5423BB0E7C00CFA5A4 /* FFmpegProtocols.swift */; };
		E1636B5723BB20AE00CFA5A4 /* FFmpegFormats.swift in Sources */ = {isa = PBXBuildFile; fileRef = E1636B5623BB20AE00CFA5A4 /* FFmpegFormats.swift */; };
		E1636B5B23BB27B200CFA5A4 /* FFmpegCodecs.swift in Sources */ = {isa = PBXBuildFile; fileRef = E1636B5A23BB27B200CFA5A4 /* FFmpegCodecs.swift */; };
		E1636B5D23BB3FD100CFA5A4 /* FFmpegDecoders.swift in Sources */ = {isa = PBXBuildFile; fileRef = E1636B5C23BB3FD100CFA5A4 /* FFmpegDecoders.swift */; };
		E1636B5F23BB56D000CFA5A4 /* FFmpegSampleFormats.swift in Sources */ = {isa = PBXBuildFile; fileRef = E1636B5E23BB56D000CFA5A4 /* FFmpegSampleFormats.swift */; };
		E1636B6123BB582700CFA5A4 /* FFmpegColors.swift in Sources */ = {isa = PBXBuildFile; fileRef = E1636B6023BB582700CFA5A4 /* FFmpegColors.swift */; };
		E1636B6323BB5ADE00CFA5A4 /* FFmpegPixelFormats.swift in Sources */ = {isa = PBXBuildFile; fileRef = E1636B6223BB5ADE00CFA5A4 /* FFmpegPixelFormats.swift */; };
		E1636B6523BB5E1A00CFA5A4 /* FFmpegLayouts.swift in Sources */ = {isa = PBXBuildFile; fileRef = E1636B6423BB5E1A00CFA5A4 /* FFmpegLayouts.swift */; };
		E1636B6723BB60D700CFA5A4 /* FFmpegFilters.swift in Sources */ = {isa = PBXBuildFile; fileRef = E1636B6623BB60D700CFA5A4 /* FFmpegFilters.swift */; };
		E1636B6923BB63F500CFA5A4 /* FFmpegError.swift in Sources */ = {isa = PBXBuildFile; fileRef = E1636B6823BB63F500CFA5A4 /* FFmpegError.swift */; };
		E1636B6B23BDC64700CFA5A4 /* FFmpegBitstreamFilters.swift in Sources */ = {isa = PBXBuildFile; fileRef = E1636B6A23BDC64700CFA5A4 /* FFmpegBitstreamFilters.swift */; };
		E1636B6E23BDE7CF00CFA5A4 /* FFmpegSynchronize.swift in Sources */ = {isa = PBXBuildFile; fileRef = E1636B6D23BDE7CF00CFA5A4 /* FFmpegSynchronize.swift */; };
		E1B1EC49238D0AF8009DE7C4 /* FFmpegProgress.swift in Sources */ = {isa = PBXBuildFile; fileRef = E1B1EC48238D0AF8009DE7C4 /* FFmpegProgress.swift */; };
		E1B1EC4B238D0D24009DE7C4 /* FFmpegTask.swift in Sources */ = {isa = PBXBuildFile; fileRef = E1B1EC4A238D0D24009DE7C4 /* FFmpegTask.swift */; };
		E1B640DC238A8B28006F6502 /* main.swift in Sources */ = {isa = PBXBuildFile; fileRef = E1B640DB238A8B28006F6502 /* main.swift */; };
		E1B640E1238A8EEE006F6502 /* cmdutils.c in Sources */ = {isa = PBXBuildFile; fileRef = E14F638023866D6D006C7AA5 /* cmdutils.c */; };
		E1B640E2238A8EF5006F6502 /* ffmpeg_cuvid.c in Sources */ = {isa = PBXBuildFile; fileRef = E14F637E23866D6D006C7AA5 /* ffmpeg_cuvid.c */; };
		E1B640E3238A8EF8006F6502 /* ffmpeg_filter.c in Sources */ = {isa = PBXBuildFile; fileRef = E14F638623866D6D006C7AA5 /* ffmpeg_filter.c */; };
		E1B640E4238A8EFC006F6502 /* ffmpeg_hw.c in Sources */ = {isa = PBXBuildFile; fileRef = E14F638123866D6D006C7AA5 /* ffmpeg_hw.c */; };
		E1B640E5238A8EFE006F6502 /* ffmpeg_opt.c in Sources */ = {isa = PBXBuildFile; fileRef = E14F638523866D6D006C7AA5 /* ffmpeg_opt.c */; };
		E1B640E6238A8F01006F6502 /* ffmpeg_videotoolbox.c in Sources */ = {isa = PBXBuildFile; fileRef = E14F637C23866D6D006C7AA5 /* ffmpeg_videotoolbox.c */; };
		E1B640E7238A8F04006F6502 /* ffmpeg.c in Sources */ = {isa = PBXBuildFile; fileRef = E14F638323866D6D006C7AA5 /* ffmpeg.c */; };
		E1B640E8238A8F07006F6502 /* ffprobe.c in Sources */ = {isa = PBXBuildFile; fileRef = E14F637F23866D6D006C7AA5 /* ffprobe.c */; };
		E1B640EA238A903F006F6502 /* libavcodec.a in Frameworks */ = {isa = PBXBuildFile; fileRef = E14F63982387958C006C7AA5 /* libavcodec.a */; };
		E1B640EB238A903F006F6502 /* libavdevice.a in Frameworks */ = {isa = PBXBuildFile; fileRef = E14F63962387958C006C7AA5 /* libavdevice.a */; };
		E1B640EC238A903F006F6502 /* libavfilter.a in Frameworks */ = {isa = PBXBuildFile; fileRef = E14F63952387958C006C7AA5 /* libavfilter.a */; };
		E1B640ED238A903F006F6502 /* libavformat.a in Frameworks */ = {isa = PBXBuildFile; fileRef = E14F63932387958C006C7AA5 /* libavformat.a */; };
		E1B640EE238A903F006F6502 /* libavutil.a in Frameworks */ = {isa = PBXBuildFile; fileRef = E14F639A2387958C006C7AA5 /* libavutil.a */; };
		E1B640EF238A903F006F6502 /* libpostproc.a in Frameworks */ = {isa = PBXBuildFile; fileRef = E14F63992387958C006C7AA5 /* libpostproc.a */; };
		E1B640F0238A903F006F6502 /* libswresample.a in Frameworks */ = {isa = PBXBuildFile; fileRef = E14F63972387958C006C7AA5 /* libswresample.a */; };
		E1B640F1238A903F006F6502 /* libswscale.a in Frameworks */ = {isa = PBXBuildFile; fileRef = E14F63942387958C006C7AA5 /* libswscale.a */; };
		E1B640F2238A903F006F6502 /* CoreServices.framework in Frameworks */ = {isa = PBXBuildFile; fileRef = E192A83623826B200026A4D9 /* CoreServices.framework */; };
		E1B640F3238A903F006F6502 /* Security.framework in Frameworks */ = {isa = PBXBuildFile; fileRef = E19CFFA0237932CE00499A02 /* Security.framework */; };
		E1B640F4238A903F006F6502 /* AppKit.framework in Frameworks */ = {isa = PBXBuildFile; fileRef = E19CFEF32378704A00499A02 /* AppKit.framework */; };
		E1B640F5238A903F006F6502 /* AudioToolbox.framework in Frameworks */ = {isa = PBXBuildFile; fileRef = E19CFEF52378705200499A02 /* AudioToolbox.framework */; };
		E1B640F6238A903F006F6502 /* AVFoundation.framework in Frameworks */ = {isa = PBXBuildFile; fileRef = E19CFEF72378705A00499A02 /* AVFoundation.framework */; };
		E1B640F7238A903F006F6502 /* CoreImage.framework in Frameworks */ = {isa = PBXBuildFile; fileRef = E19CFEF92378706000499A02 /* CoreImage.framework */; };
		E1B640F8238A903F006F6502 /* CoreMedia.framework in Frameworks */ = {isa = PBXBuildFile; fileRef = E19CFF972379231300499A02 /* CoreMedia.framework */; };
		E1B640F9238A903F006F6502 /* CoreVideo.framework in Frameworks */ = {isa = PBXBuildFile; fileRef = E19CFF9A237927BE00499A02 /* CoreVideo.framework */; };
		E1B640FA238A903F006F6502 /* Foundation.framework in Frameworks */ = {isa = PBXBuildFile; fileRef = E19CFF9E23792C8700499A02 /* Foundation.framework */; };
		E1B640FB238A903F006F6502 /* libbz2.1.0.dylib in Frameworks */ = {isa = PBXBuildFile; fileRef = E19CFF87237872AF00499A02 /* libbz2.1.0.dylib */; };
		E1B640FC238A903F006F6502 /* libc++.1.dylib in Frameworks */ = {isa = PBXBuildFile; fileRef = E19CFF88237872AF00499A02 /* libc++.1.dylib */; };
		E1B640FD238A903F006F6502 /* libiconv.2.dylib in Frameworks */ = {isa = PBXBuildFile; fileRef = E19CFF86237872AF00499A02 /* libiconv.2.dylib */; };
		E1B640FE238A903F006F6502 /* libobjc.A.dylib in Frameworks */ = {isa = PBXBuildFile; fileRef = E19CFF89237872AF00499A02 /* libobjc.A.dylib */; };
		E1B640FF238A903F006F6502 /* libSystem.B.dylib in Frameworks */ = {isa = PBXBuildFile; fileRef = E19CFF93237872C300499A02 /* libSystem.B.dylib */; };
		E1B64100238A903F006F6502 /* libx264.a in Frameworks */ = {isa = PBXBuildFile; fileRef = E192A7BA237E5E080026A4D9 /* libx264.a */; };
		E1B64101238A903F006F6502 /* libx265.a in Frameworks */ = {isa = PBXBuildFile; fileRef = E192A7BB237E5E080026A4D9 /* libx265.a */; };
		E1B64104238A91FD006F6502 /* descriptors.c in Sources */ = {isa = PBXBuildFile; fileRef = E1B64102238A908C006F6502 /* descriptors.c */; };
/* End PBXBuildFile section */

/* Begin PBXCopyFilesBuildPhase section */
		E1B640D7238A8B28006F6502 /* CopyFiles */ = {
			isa = PBXCopyFilesBuildPhase;
			buildActionMask = 2147483647;
			dstPath = /usr/share/man/man1/;
			dstSubfolderSpec = 0;
			files = (
			);
			runOnlyForDeploymentPostprocessing = 1;
		};
/* End PBXCopyFilesBuildPhase section */

/* Begin PBXFileReference section */
		E14F637C23866D6D006C7AA5 /* ffmpeg_videotoolbox.c */ = {isa = PBXFileReference; fileEncoding = 4; lastKnownFileType = sourcecode.c.c; path = ffmpeg_videotoolbox.c; sourceTree = "<group>"; };
		E14F637E23866D6D006C7AA5 /* ffmpeg_cuvid.c */ = {isa = PBXFileReference; fileEncoding = 4; lastKnownFileType = sourcecode.c.c; path = ffmpeg_cuvid.c; sourceTree = "<group>"; };
		E14F637F23866D6D006C7AA5 /* ffprobe.c */ = {isa = PBXFileReference; fileEncoding = 4; lastKnownFileType = sourcecode.c.c; path = ffprobe.c; sourceTree = "<group>"; };
		E14F638023866D6D006C7AA5 /* cmdutils.c */ = {isa = PBXFileReference; fileEncoding = 4; lastKnownFileType = sourcecode.c.c; path = cmdutils.c; sourceTree = "<group>"; };
		E14F638123866D6D006C7AA5 /* ffmpeg_hw.c */ = {isa = PBXFileReference; fileEncoding = 4; lastKnownFileType = sourcecode.c.c; path = ffmpeg_hw.c; sourceTree = "<group>"; };
		E14F638223866D6D006C7AA5 /* cmdutils.h */ = {isa = PBXFileReference; fileEncoding = 4; lastKnownFileType = sourcecode.c.h; path = cmdutils.h; sourceTree = "<group>"; };
		E14F638323866D6D006C7AA5 /* ffmpeg.c */ = {isa = PBXFileReference; fileEncoding = 4; lastKnownFileType = sourcecode.c.c; path = ffmpeg.c; sourceTree = "<group>"; };
		E14F638423866D6D006C7AA5 /* ffmpeg.h */ = {isa = PBXFileReference; fileEncoding = 4; lastKnownFileType = sourcecode.c.h; path = ffmpeg.h; sourceTree = "<group>"; };
		E14F638523866D6D006C7AA5 /* ffmpeg_opt.c */ = {isa = PBXFileReference; fileEncoding = 4; lastKnownFileType = sourcecode.c.c; path = ffmpeg_opt.c; sourceTree = "<group>"; };
		E14F638623866D6D006C7AA5 /* ffmpeg_filter.c */ = {isa = PBXFileReference; fileEncoding = 4; lastKnownFileType = sourcecode.c.c; path = ffmpeg_filter.c; sourceTree = "<group>"; };
		E14F63932387958C006C7AA5 /* libavformat.a */ = {isa = PBXFileReference; lastKnownFileType = archive.ar; name = libavformat.a; path = ../FFmpeg/lib/libavformat.a; sourceTree = "<group>"; };
		E14F63942387958C006C7AA5 /* libswscale.a */ = {isa = PBXFileReference; lastKnownFileType = archive.ar; name = libswscale.a; path = ../FFmpeg/lib/libswscale.a; sourceTree = "<group>"; };
		E14F63952387958C006C7AA5 /* libavfilter.a */ = {isa = PBXFileReference; lastKnownFileType = archive.ar; name = libavfilter.a; path = ../FFmpeg/lib/libavfilter.a; sourceTree = "<group>"; };
		E14F63962387958C006C7AA5 /* libavdevice.a */ = {isa = PBXFileReference; lastKnownFileType = archive.ar; name = libavdevice.a; path = ../FFmpeg/lib/libavdevice.a; sourceTree = "<group>"; };
		E14F63972387958C006C7AA5 /* libswresample.a */ = {isa = PBXFileReference; lastKnownFileType = archive.ar; name = libswresample.a; path = ../FFmpeg/lib/libswresample.a; sourceTree = "<group>"; };
		E14F63982387958C006C7AA5 /* libavcodec.a */ = {isa = PBXFileReference; lastKnownFileType = archive.ar; name = libavcodec.a; path = ../FFmpeg/lib/libavcodec.a; sourceTree = "<group>"; };
		E14F63992387958C006C7AA5 /* libpostproc.a */ = {isa = PBXFileReference; lastKnownFileType = archive.ar; name = libpostproc.a; path = ../FFmpeg/lib/libpostproc.a; sourceTree = "<group>"; };
		E14F639A2387958C006C7AA5 /* libavutil.a */ = {isa = PBXFileReference; lastKnownFileType = archive.ar; name = libavutil.a; path = ../FFmpeg/lib/libavutil.a; sourceTree = "<group>"; };
		E1636B4623B705F300CFA5A4 /* FFmpegTaskInterop.swift */ = {isa = PBXFileReference; lastKnownFileType = sourcecode.swift; path = FFmpegTaskInterop.swift; sourceTree = "<group>"; };
		E1636B4823B717EE00CFA5A4 /* FFmpegVersion.swift */ = {isa = PBXFileReference; lastKnownFileType = sourcecode.swift; path = FFmpegVersion.swift; sourceTree = "<group>"; };
		E1636B4A23B9BC4500CFA5A4 /* MatchRegularExpression.swift */ = {isa = PBXFileReference; fileEncoding = 4; lastKnownFileType = sourcecode.swift; path = MatchRegularExpression.swift; sourceTree = "<group>"; };
		E1636B5223B9D87400CFA5A4 /* FFmpegLicense.swift */ = {isa = PBXFileReference; fileEncoding = 4; lastKnownFileType = sourcecode.swift; path = FFmpegLicense.swift; sourceTree = "<group>"; };
		E1636B5423BB0E7C00CFA5A4 /* FFmpegProtocols.swift */ = {isa = PBXFileReference; fileEncoding = 4; lastKnownFileType = sourcecode.swift; path = FFmpegProtocols.swift; sourceTree = "<group>"; };
		E1636B5623BB20AE00CFA5A4 /* FFmpegFormats.swift */ = {isa = PBXFileReference; fileEncoding = 4; lastKnownFileType = sourcecode.swift; path = FFmpegFormats.swift; sourceTree = "<group>"; };
		E1636B5A23BB27B200CFA5A4 /* FFmpegCodecs.swift */ = {isa = PBXFileReference; fileEncoding = 4; lastKnownFileType = sourcecode.swift; path = FFmpegCodecs.swift; sourceTree = "<group>"; };
		E1636B5C23BB3FD100CFA5A4 /* FFmpegDecoders.swift */ = {isa = PBXFileReference; fileEncoding = 4; lastKnownFileType = sourcecode.swift; path = FFmpegDecoders.swift; sourceTree = "<group>"; };
		E1636B5E23BB56D000CFA5A4 /* FFmpegSampleFormats.swift */ = {isa = PBXFileReference; fileEncoding = 4; lastKnownFileType = sourcecode.swift; path = FFmpegSampleFormats.swift; sourceTree = "<group>"; };
		E1636B6023BB582700CFA5A4 /* FFmpegColors.swift */ = {isa = PBXFileReference; fileEncoding = 4; lastKnownFileType = sourcecode.swift; path = FFmpegColors.swift; sourceTree = "<group>"; };
		E1636B6223BB5ADE00CFA5A4 /* FFmpegPixelFormats.swift */ = {isa = PBXFileReference; fileEncoding = 4; lastKnownFileType = sourcecode.swift; path = FFmpegPixelFormats.swift; sourceTree = "<group>"; };
		E1636B6423BB5E1A00CFA5A4 /* FFmpegLayouts.swift */ = {isa = PBXFileReference; fileEncoding = 4; lastKnownFileType = sourcecode.swift; path = FFmpegLayouts.swift; sourceTree = "<group>"; };
		E1636B6623BB60D700CFA5A4 /* FFmpegFilters.swift */ = {isa = PBXFileReference; fileEncoding = 4; lastKnownFileType = sourcecode.swift; path = FFmpegFilters.swift; sourceTree = "<group>"; };
		E1636B6823BB63F500CFA5A4 /* FFmpegError.swift */ = {isa = PBXFileReference; fileEncoding = 4; lastKnownFileType = sourcecode.swift; path = FFmpegError.swift; sourceTree = "<group>"; };
		E1636B6A23BDC64700CFA5A4 /* FFmpegBitstreamFilters.swift */ = {isa = PBXFileReference; fileEncoding = 4; lastKnownFileType = sourcecode.swift; path = FFmpegBitstreamFilters.swift; sourceTree = "<group>"; };
		E1636B6D23BDE7CF00CFA5A4 /* FFmpegSynchronize.swift */ = {isa = PBXFileReference; lastKnownFileType = sourcecode.swift; path = FFmpegSynchronize.swift; sourceTree = "<group>"; };
		E192A7BA237E5E080026A4D9 /* libx264.a */ = {isa = PBXFileReference; lastKnownFileType = archive.ar; name = libx264.a; path = ../../../../usr/local/lib/libx264.a; sourceTree = SOURCE_ROOT; };
		E192A7BB237E5E080026A4D9 /* libx265.a */ = {isa = PBXFileReference; lastKnownFileType = archive.ar; name = libx265.a; path = ../../../../usr/local/lib/libx265.a; sourceTree = "<group>"; };
		E192A83623826B200026A4D9 /* CoreServices.framework */ = {isa = PBXFileReference; lastKnownFileType = wrapper.framework; name = CoreServices.framework; path = System/Library/Frameworks/CoreServices.framework; sourceTree = SDKROOT; };
		E19CFEF32378704A00499A02 /* AppKit.framework */ = {isa = PBXFileReference; lastKnownFileType = wrapper.framework; name = AppKit.framework; path = System/Library/Frameworks/AppKit.framework; sourceTree = SDKROOT; };
		E19CFEF52378705200499A02 /* AudioToolbox.framework */ = {isa = PBXFileReference; lastKnownFileType = wrapper.framework; name = AudioToolbox.framework; path = System/Library/Frameworks/AudioToolbox.framework; sourceTree = SDKROOT; };
		E19CFEF72378705A00499A02 /* AVFoundation.framework */ = {isa = PBXFileReference; lastKnownFileType = wrapper.framework; name = AVFoundation.framework; path = System/Library/Frameworks/AVFoundation.framework; sourceTree = SDKROOT; };
		E19CFEF92378706000499A02 /* CoreImage.framework */ = {isa = PBXFileReference; lastKnownFileType = wrapper.framework; name = CoreImage.framework; path = System/Library/Frameworks/CoreImage.framework; sourceTree = SDKROOT; };
		E19CFF86237872AF00499A02 /* libiconv.2.dylib */ = {isa = PBXFileReference; lastKnownFileType = "compiled.mach-o.dylib"; name = libiconv.2.dylib; path = ../../../../../usr/lib/libiconv.2.dylib; sourceTree = "<group>"; };
		E19CFF87237872AF00499A02 /* libbz2.1.0.dylib */ = {isa = PBXFileReference; lastKnownFileType = "compiled.mach-o.dylib"; name = libbz2.1.0.dylib; path = ../../../../../usr/lib/libbz2.1.0.dylib; sourceTree = "<group>"; };
		E19CFF88237872AF00499A02 /* libc++.1.dylib */ = {isa = PBXFileReference; lastKnownFileType = "compiled.mach-o.dylib"; name = "libc++.1.dylib"; path = "../../../../../usr/lib/libc++.1.dylib"; sourceTree = "<group>"; };
		E19CFF89237872AF00499A02 /* libobjc.A.dylib */ = {isa = PBXFileReference; lastKnownFileType = "compiled.mach-o.dylib"; name = libobjc.A.dylib; path = ../../../../../usr/lib/libobjc.A.dylib; sourceTree = "<group>"; };
		E19CFF93237872C300499A02 /* libSystem.B.dylib */ = {isa = PBXFileReference; lastKnownFileType = "compiled.mach-o.dylib"; name = libSystem.B.dylib; path = ../../../../../usr/lib/libSystem.B.dylib; sourceTree = "<group>"; };
		E19CFF972379231300499A02 /* CoreMedia.framework */ = {isa = PBXFileReference; lastKnownFileType = wrapper.framework; name = CoreMedia.framework; path = System/Library/Frameworks/CoreMedia.framework; sourceTree = SDKROOT; };
		E19CFF9A237927BE00499A02 /* CoreVideo.framework */ = {isa = PBXFileReference; lastKnownFileType = wrapper.framework; name = CoreVideo.framework; path = System/Library/Frameworks/CoreVideo.framework; sourceTree = SDKROOT; };
		E19CFF9E23792C8700499A02 /* Foundation.framework */ = {isa = PBXFileReference; lastKnownFileType = wrapper.framework; name = Foundation.framework; path = System/Library/Frameworks/Foundation.framework; sourceTree = SDKROOT; };
		E19CFFA0237932CE00499A02 /* Security.framework */ = {isa = PBXFileReference; lastKnownFileType = wrapper.framework; name = Security.framework; path = System/Library/Frameworks/Security.framework; sourceTree = SDKROOT; };
		E1B1EC48238D0AF8009DE7C4 /* FFmpegProgress.swift */ = {isa = PBXFileReference; lastKnownFileType = sourcecode.swift; path = FFmpegProgress.swift; sourceTree = "<group>"; };
		E1B1EC4A238D0D24009DE7C4 /* FFmpegTask.swift */ = {isa = PBXFileReference; fileEncoding = 4; lastKnownFileType = sourcecode.swift; path = FFmpegTask.swift; sourceTree = "<group>"; };
		E1B1EC4C238D0D2F009DE7C4 /* config.h */ = {isa = PBXFileReference; lastKnownFileType = sourcecode.c.h; path = config.h; sourceTree = "<group>"; };
		E1B640D2238A8A55006F6502 /* bridging.h */ = {isa = PBXFileReference; lastKnownFileType = sourcecode.c.h; path = bridging.h; sourceTree = "<group>"; };
		E1B640D9238A8B28006F6502 /* FFmpegTask */ = {isa = PBXFileReference; explicitFileType = "compiled.mach-o.executable"; includeInIndex = 0; path = FFmpegTask; sourceTree = BUILT_PRODUCTS_DIR; };
		E1B640DB238A8B28006F6502 /* main.swift */ = {isa = PBXFileReference; lastKnownFileType = sourcecode.swift; path = main.swift; sourceTree = "<group>"; };
		E1B64102238A908C006F6502 /* descriptors.c */ = {isa = PBXFileReference; lastKnownFileType = sourcecode.c.c; path = descriptors.c; sourceTree = "<group>"; };
/* End PBXFileReference section */

/* Begin PBXFrameworksBuildPhase section */
		E1B640D6238A8B28006F6502 /* Frameworks */ = {
			isa = PBXFrameworksBuildPhase;
			buildActionMask = 2147483647;
			files = (
				E1B640EA238A903F006F6502 /* libavcodec.a in Frameworks */,
				E1B640EB238A903F006F6502 /* libavdevice.a in Frameworks */,
				E1B640EC238A903F006F6502 /* libavfilter.a in Frameworks */,
				E1B640ED238A903F006F6502 /* libavformat.a in Frameworks */,
				E1B640EE238A903F006F6502 /* libavutil.a in Frameworks */,
				E1B640EF238A903F006F6502 /* libpostproc.a in Frameworks */,
				E1B640F0238A903F006F6502 /* libswresample.a in Frameworks */,
				E1B640F1238A903F006F6502 /* libswscale.a in Frameworks */,
				E1B640F2238A903F006F6502 /* CoreServices.framework in Frameworks */,
				E1B640F3238A903F006F6502 /* Security.framework in Frameworks */,
				E1B640F4238A903F006F6502 /* AppKit.framework in Frameworks */,
				E1B640F5238A903F006F6502 /* AudioToolbox.framework in Frameworks */,
				E1B640F6238A903F006F6502 /* AVFoundation.framework in Frameworks */,
				E1B640F7238A903F006F6502 /* CoreImage.framework in Frameworks */,
				E1B640F8238A903F006F6502 /* CoreMedia.framework in Frameworks */,
				E1B640F9238A903F006F6502 /* CoreVideo.framework in Frameworks */,
				E1B640FA238A903F006F6502 /* Foundation.framework in Frameworks */,
				E1B640FB238A903F006F6502 /* libbz2.1.0.dylib in Frameworks */,
				E1B640FC238A903F006F6502 /* libc++.1.dylib in Frameworks */,
				E1B640FD238A903F006F6502 /* libiconv.2.dylib in Frameworks */,
				E1B640FE238A903F006F6502 /* libobjc.A.dylib in Frameworks */,
				E1B640FF238A903F006F6502 /* libSystem.B.dylib in Frameworks */,
				E1B64100238A903F006F6502 /* libx264.a in Frameworks */,
				E1B64101238A903F006F6502 /* libx265.a in Frameworks */,
			);
			runOnlyForDeploymentPostprocessing = 0;
		};
/* End PBXFrameworksBuildPhase section */

/* Begin PBXGroup section */
		E1636B4523B705BE00CFA5A4 /* Interop */ = {
			isa = PBXGroup;
			children = (
				E1636B4623B705F300CFA5A4 /* FFmpegTaskInterop.swift */,
			);
			path = Interop;
			sourceTree = "<group>";
		};
		E1636B6C23BDCE5800CFA5A4 /* Processors */ = {
			isa = PBXGroup;
			children = (
				E1636B6A23BDC64700CFA5A4 /* FFmpegBitstreamFilters.swift */,
				E1636B5A23BB27B200CFA5A4 /* FFmpegCodecs.swift */,
				E1636B6023BB582700CFA5A4 /* FFmpegColors.swift */,
				E1636B5C23BB3FD100CFA5A4 /* FFmpegDecoders.swift */,
				E1636B6823BB63F500CFA5A4 /* FFmpegError.swift */,
				E1636B6623BB60D700CFA5A4 /* FFmpegFilters.swift */,
				E1636B5623BB20AE00CFA5A4 /* FFmpegFormats.swift */,
				E1636B6423BB5E1A00CFA5A4 /* FFmpegLayouts.swift */,
				E1636B5223B9D87400CFA5A4 /* FFmpegLicense.swift */,
				E1636B6223BB5ADE00CFA5A4 /* FFmpegPixelFormats.swift */,
				E1B1EC48238D0AF8009DE7C4 /* FFmpegProgress.swift */,
				E1636B5423BB0E7C00CFA5A4 /* FFmpegProtocols.swift */,
				E1636B5E23BB56D000CFA5A4 /* FFmpegSampleFormats.swift */,
				E1636B4823B717EE00CFA5A4 /* FFmpegVersion.swift */,
				E1636B4A23B9BC4500CFA5A4 /* MatchRegularExpression.swift */,
			);
			path = Processors;
			sourceTree = "<group>";
		};
		E19CFE8E2377D61100499A02 = {
			isa = PBXGroup;
			children = (
				E1636B4523B705BE00CFA5A4 /* Interop */,
				E1B640DB238A8B28006F6502 /* main.swift */,
				E1B640D2238A8A55006F6502 /* bridging.h */,
				E1B64102238A908C006F6502 /* descriptors.c */,
				E1B1EC4A238D0D24009DE7C4 /* FFmpegTask.swift */,
				E1636B6D23BDE7CF00CFA5A4 /* FFmpegSynchronize.swift */,
				E1636B6C23BDCE5800CFA5A4 /* Processors */,
				E1B64106238A9410006F6502 /* fftools */,
				E19CFEF22378704900499A02 /* Frameworks */,
				E19CFE982377D61100499A02 /* Products */,
			);
			sourceTree = "<group>";
		};
		E19CFE982377D61100499A02 /* Products */ = {
			isa = PBXGroup;
			children = (
				E1B640D9238A8B28006F6502 /* FFmpegTask */,
			);
			name = Products;
			sourceTree = "<group>";
		};
		E19CFEF22378704900499A02 /* Frameworks */ = {
			isa = PBXGroup;
			children = (
				E14F63982387958C006C7AA5 /* libavcodec.a */,
				E14F63962387958C006C7AA5 /* libavdevice.a */,
				E14F63952387958C006C7AA5 /* libavfilter.a */,
				E14F63932387958C006C7AA5 /* libavformat.a */,
				E14F639A2387958C006C7AA5 /* libavutil.a */,
				E14F63992387958C006C7AA5 /* libpostproc.a */,
				E14F63972387958C006C7AA5 /* libswresample.a */,
				E14F63942387958C006C7AA5 /* libswscale.a */,
				E192A83623826B200026A4D9 /* CoreServices.framework */,
				E19CFFA0237932CE00499A02 /* Security.framework */,
				E19CFEF32378704A00499A02 /* AppKit.framework */,
				E19CFEF52378705200499A02 /* AudioToolbox.framework */,
				E19CFEF72378705A00499A02 /* AVFoundation.framework */,
				E19CFEF92378706000499A02 /* CoreImage.framework */,
				E19CFF972379231300499A02 /* CoreMedia.framework */,
				E19CFF9A237927BE00499A02 /* CoreVideo.framework */,
				E19CFF9E23792C8700499A02 /* Foundation.framework */,
				E19CFF87237872AF00499A02 /* libbz2.1.0.dylib */,
				E19CFF88237872AF00499A02 /* libc++.1.dylib */,
				E19CFF86237872AF00499A02 /* libiconv.2.dylib */,
				E19CFF89237872AF00499A02 /* libobjc.A.dylib */,
				E19CFF93237872C300499A02 /* libSystem.B.dylib */,
				E192A7BA237E5E080026A4D9 /* libx264.a */,
				E192A7BB237E5E080026A4D9 /* libx265.a */,
			);
			name = Frameworks;
			sourceTree = "<group>";
		};
		E1B64106238A9410006F6502 /* fftools */ = {
			isa = PBXGroup;
			children = (
				E1B1EC4C238D0D2F009DE7C4 /* config.h */,
				E14F638023866D6D006C7AA5 /* cmdutils.c */,
				E14F638223866D6D006C7AA5 /* cmdutils.h */,
				E14F637E23866D6D006C7AA5 /* ffmpeg_cuvid.c */,
				E14F638623866D6D006C7AA5 /* ffmpeg_filter.c */,
				E14F638123866D6D006C7AA5 /* ffmpeg_hw.c */,
				E14F638523866D6D006C7AA5 /* ffmpeg_opt.c */,
				E14F637C23866D6D006C7AA5 /* ffmpeg_videotoolbox.c */,
				E14F638323866D6D006C7AA5 /* ffmpeg.c */,
				E14F638423866D6D006C7AA5 /* ffmpeg.h */,
				E14F637F23866D6D006C7AA5 /* ffprobe.c */,
			);
			name = fftools;
			sourceTree = "<group>";
		};
/* End PBXGroup section */

/* Begin PBXNativeTarget section */
		E1B640D8238A8B28006F6502 /* FFmpegTask */ = {
			isa = PBXNativeTarget;
			buildConfigurationList = E1B640DD238A8B28006F6502 /* Build configuration list for PBXNativeTarget "FFmpegTask" */;
			buildPhases = (
				E1B640D5238A8B28006F6502 /* Sources */,
				E1B640D6238A8B28006F6502 /* Frameworks */,
				E1B640D7238A8B28006F6502 /* CopyFiles */,
			);
			buildRules = (
			);
			dependencies = (
			);
			name = FFmpegTask;
			productName = "FFmpegTask-Swift";
			productReference = E1B640D9238A8B28006F6502 /* FFmpegTask */;
			productType = "com.apple.product-type.tool";
		};
/* End PBXNativeTarget section */

/* Begin PBXProject section */
		E19CFE8F2377D61100499A02 /* Project object */ = {
			isa = PBXProject;
			attributes = {
				LastSwiftUpdateCheck = 1120;
				LastUpgradeCheck = 1120;
				ORGANIZATIONNAME = "Robert Salesas";
				TargetAttributes = {
					E1B640D8238A8B28006F6502 = {
						CreatedOnToolsVersion = 11.2.1;
					};
				};
			};
			buildConfigurationList = E19CFE922377D61100499A02 /* Build configuration list for PBXProject "FFmpegTask" */;
			compatibilityVersion = "Xcode 11.0";
			developmentRegion = en;
			hasScannedForEncodings = 0;
			knownRegions = (
				en,
				Base,
			);
			mainGroup = E19CFE8E2377D61100499A02;
			productRefGroup = E19CFE982377D61100499A02 /* Products */;
			projectDirPath = "";
			projectRoot = "";
			targets = (
				E1B640D8238A8B28006F6502 /* FFmpegTask */,
			);
		};
/* End PBXProject section */

/* Begin PBXSourcesBuildPhase section */
		E1B640D5238A8B28006F6502 /* Sources */ = {
			isa = PBXSourcesBuildPhase;
			buildActionMask = 2147483647;
			files = (
				E1B640E5238A8EFE006F6502 /* ffmpeg_opt.c in Sources */,
				E1636B5D23BB3FD100CFA5A4 /* FFmpegDecoders.swift in Sources */,
				E1B640E2238A8EF5006F6502 /* ffmpeg_cuvid.c in Sources */,
				E1B640E1238A8EEE006F6502 /* cmdutils.c in Sources */,
				E1B640E8238A8F07006F6502 /* ffprobe.c in Sources */,
				E1636B6E23BDE7CF00CFA5A4 /* FFmpegSynchronize.swift in Sources */,
				E1636B5523BB0E7C00CFA5A4 /* FFmpegProtocols.swift in Sources */,
				E1B64104238A91FD006F6502 /* descriptors.c in Sources */,
				E1636B6B23BDC64700CFA5A4 /* FFmpegBitstreamFilters.swift in Sources */,
				E1636B6123BB582700CFA5A4 /* FFmpegColors.swift in Sources */,
				E1B1EC49238D0AF8009DE7C4 /* FFmpegProgress.swift in Sources */,
				E1636B5723BB20AE00CFA5A4 /* FFmpegFormats.swift in Sources */,
				E1B640E4238A8EFC006F6502 /* ffmpeg_hw.c in Sources */,
				E1636B5F23BB56D000CFA5A4 /* FFmpegSampleFormats.swift in Sources */,
				E1636B6523BB5E1A00CFA5A4 /* FFmpegLayouts.swift in Sources */,
				E1636B4923B717EE00CFA5A4 /* FFmpegVersion.swift in Sources */,
				E1B1EC4B238D0D24009DE7C4 /* FFmpegTask.swift in Sources */,
				E1636B6323BB5ADE00CFA5A4 /* FFmpegPixelFormats.swift in Sources */,
				E1B640E6238A8F01006F6502 /* ffmpeg_videotoolbox.c in Sources */,
				E1636B6923BB63F500CFA5A4 /* FFmpegError.swift in Sources */,
				E1B640E3238A8EF8006F6502 /* ffmpeg_filter.c in Sources */,
				E1636B5B23BB27B200CFA5A4 /* FFmpegCodecs.swift in Sources */,
				E1B640E7238A8F04006F6502 /* ffmpeg.c in Sources */,
				E1636B5323B9D87400CFA5A4 /* FFmpegLicense.swift in Sources */,
				E1636B4B23B9BC4500CFA5A4 /* MatchRegularExpression.swift in Sources */,
				E1636B6723BB60D700CFA5A4 /* FFmpegFilters.swift in Sources */,
				E1B640DC238A8B28006F6502 /* main.swift in Sources */,
			);
			runOnlyForDeploymentPostprocessing = 0;
		};
/* End PBXSourcesBuildPhase section */

/* Begin XCBuildConfiguration section */
		E19CFE9C2377D61100499A02 /* Debug */ = {
			isa = XCBuildConfiguration;
			buildSettings = {
				ALWAYS_SEARCH_USER_PATHS = NO;
				CLANG_ANALYZER_NONNULL = YES;
				CLANG_ANALYZER_NUMBER_OBJECT_CONVERSION = YES_AGGRESSIVE;
				CLANG_CXX_LANGUAGE_STANDARD = "gnu++14";
				CLANG_CXX_LIBRARY = "libc++";
				CLANG_ENABLE_MODULES = YES;
				CLANG_ENABLE_OBJC_ARC = YES;
				CLANG_ENABLE_OBJC_WEAK = YES;
				CLANG_WARN_BLOCK_CAPTURE_AUTORELEASING = YES;
				CLANG_WARN_BOOL_CONVERSION = YES;
				CLANG_WARN_COMMA = YES;
				CLANG_WARN_CONSTANT_CONVERSION = YES;
				CLANG_WARN_DEPRECATED_OBJC_IMPLEMENTATIONS = YES;
				CLANG_WARN_DIRECT_OBJC_ISA_USAGE = YES_ERROR;
				CLANG_WARN_DOCUMENTATION_COMMENTS = YES;
				CLANG_WARN_EMPTY_BODY = YES;
				CLANG_WARN_ENUM_CONVERSION = YES;
				CLANG_WARN_INFINITE_RECURSION = YES;
				CLANG_WARN_INT_CONVERSION = YES;
				CLANG_WARN_NON_LITERAL_NULL_CONVERSION = YES;
				CLANG_WARN_OBJC_IMPLICIT_RETAIN_SELF = YES;
				CLANG_WARN_OBJC_LITERAL_CONVERSION = YES;
				CLANG_WARN_OBJC_ROOT_CLASS = YES_ERROR;
				CLANG_WARN_RANGE_LOOP_ANALYSIS = YES;
				CLANG_WARN_STRICT_PROTOTYPES = YES;
				CLANG_WARN_SUSPICIOUS_MOVE = YES;
				CLANG_WARN_UNGUARDED_AVAILABILITY = YES_AGGRESSIVE;
				CLANG_WARN_UNREACHABLE_CODE = YES;
				CLANG_WARN__DUPLICATE_METHOD_MATCH = YES;
				COPY_PHASE_STRIP = NO;
				DEBUG_INFORMATION_FORMAT = dwarf;
				ENABLE_STRICT_OBJC_MSGSEND = YES;
				ENABLE_TESTABILITY = YES;
				GCC_C_LANGUAGE_STANDARD = gnu11;
				GCC_DYNAMIC_NO_PIC = NO;
				GCC_NO_COMMON_BLOCKS = YES;
				GCC_OPTIMIZATION_LEVEL = 0;
				GCC_PREPROCESSOR_DEFINITIONS = (
					"DEBUG=1",
					"$(inherited)",
				);
				GCC_WARN_64_TO_32_BIT_CONVERSION = YES;
				GCC_WARN_ABOUT_RETURN_TYPE = YES_ERROR;
				GCC_WARN_UNDECLARED_SELECTOR = YES;
				GCC_WARN_UNINITIALIZED_AUTOS = YES_AGGRESSIVE;
				GCC_WARN_UNUSED_FUNCTION = YES;
				GCC_WARN_UNUSED_VARIABLE = YES;
				MACOSX_DEPLOYMENT_TARGET = 10.15;
				MTL_ENABLE_DEBUG_INFO = INCLUDE_SOURCE;
				MTL_FAST_MATH = YES;
				ONLY_ACTIVE_ARCH = YES;
				SDKROOT = macosx;
				SWIFT_OBJC_BRIDGING_HEADER = "Bridging-Header.h";
			};
			name = Debug;
		};
		E19CFE9D2377D61100499A02 /* Release */ = {
			isa = XCBuildConfiguration;
			buildSettings = {
				ALWAYS_SEARCH_USER_PATHS = NO;
				CLANG_ANALYZER_NONNULL = YES;
				CLANG_ANALYZER_NUMBER_OBJECT_CONVERSION = YES_AGGRESSIVE;
				CLANG_CXX_LANGUAGE_STANDARD = "gnu++14";
				CLANG_CXX_LIBRARY = "libc++";
				CLANG_ENABLE_MODULES = YES;
				CLANG_ENABLE_OBJC_ARC = YES;
				CLANG_ENABLE_OBJC_WEAK = YES;
				CLANG_WARN_BLOCK_CAPTURE_AUTORELEASING = YES;
				CLANG_WARN_BOOL_CONVERSION = YES;
				CLANG_WARN_COMMA = YES;
				CLANG_WARN_CONSTANT_CONVERSION = YES;
				CLANG_WARN_DEPRECATED_OBJC_IMPLEMENTATIONS = YES;
				CLANG_WARN_DIRECT_OBJC_ISA_USAGE = YES_ERROR;
				CLANG_WARN_DOCUMENTATION_COMMENTS = YES;
				CLANG_WARN_EMPTY_BODY = YES;
				CLANG_WARN_ENUM_CONVERSION = YES;
				CLANG_WARN_INFINITE_RECURSION = YES;
				CLANG_WARN_INT_CONVERSION = YES;
				CLANG_WARN_NON_LITERAL_NULL_CONVERSION = YES;
				CLANG_WARN_OBJC_IMPLICIT_RETAIN_SELF = YES;
				CLANG_WARN_OBJC_LITERAL_CONVERSION = YES;
				CLANG_WARN_OBJC_ROOT_CLASS = YES_ERROR;
				CLANG_WARN_RANGE_LOOP_ANALYSIS = YES;
				CLANG_WARN_STRICT_PROTOTYPES = YES;
				CLANG_WARN_SUSPICIOUS_MOVE = YES;
				CLANG_WARN_UNGUARDED_AVAILABILITY = YES_AGGRESSIVE;
				CLANG_WARN_UNREACHABLE_CODE = YES;
				CLANG_WARN__DUPLICATE_METHOD_MATCH = YES;
				COPY_PHASE_STRIP = NO;
				DEBUG_INFORMATION_FORMAT = "dwarf-with-dsym";
				ENABLE_NS_ASSERTIONS = NO;
				ENABLE_STRICT_OBJC_MSGSEND = YES;
				GCC_C_LANGUAGE_STANDARD = gnu11;
				GCC_NO_COMMON_BLOCKS = YES;
				GCC_WARN_64_TO_32_BIT_CONVERSION = YES;
				GCC_WARN_ABOUT_RETURN_TYPE = YES_ERROR;
				GCC_WARN_UNDECLARED_SELECTOR = YES;
				GCC_WARN_UNINITIALIZED_AUTOS = YES_AGGRESSIVE;
				GCC_WARN_UNUSED_FUNCTION = YES;
				GCC_WARN_UNUSED_VARIABLE = YES;
				MACOSX_DEPLOYMENT_TARGET = 10.15;
				MTL_ENABLE_DEBUG_INFO = NO;
				MTL_FAST_MATH = YES;
				SDKROOT = macosx;
				SWIFT_OBJC_BRIDGING_HEADER = "Bridging-Header.h";
			};
			name = Release;
		};
		E1B640DE238A8B28006F6502 /* Debug */ = {
			isa = XCBuildConfiguration;
			buildSettings = {
				CODE_SIGN_STYLE = Automatic;
				DEVELOPMENT_TEAM = 89677882UG;
				ENABLE_HARDENED_RUNTIME = YES;
				LIBRARY_SEARCH_PATHS = (
					"\"$(SRCROOT)/../FFmpeg/lib\"",
					/usr/local/lib,
				);
				PRODUCT_NAME = "$(TARGET_NAME)";
				SWIFT_ACTIVE_COMPILATION_CONDITIONS = DEBUG;
				SWIFT_OBJC_BRIDGING_HEADER = bridging.h;
				SWIFT_OPTIMIZATION_LEVEL = "-Onone";
				SWIFT_VERSION = 5.0;
				USER_HEADER_SEARCH_PATHS = "\"$(SRCROOT)/../FFmpeg/include\"";
			};
			name = Debug;
		};
		E1B640DF238A8B28006F6502 /* Release */ = {
			isa = XCBuildConfiguration;
			buildSettings = {
				CODE_SIGN_STYLE = Automatic;
				DEVELOPMENT_TEAM = 89677882UG;
				ENABLE_HARDENED_RUNTIME = YES;
				LIBRARY_SEARCH_PATHS = (
					"\"$(SRCROOT)/../FFmpeg/lib\"",
					/usr/local/lib,
				);
				PRODUCT_NAME = "$(TARGET_NAME)";
				SWIFT_COMPILATION_MODE = wholemodule;
				SWIFT_OBJC_BRIDGING_HEADER = bridging.h;
				SWIFT_OPTIMIZATION_LEVEL = "-O";
				SWIFT_VERSION = 5.0;
				USER_HEADER_SEARCH_PATHS = "\"$(SRCROOT)/../FFmpeg/include\"";
			};
			name = Release;
		};
/* End XCBuildConfiguration section */

/* Begin XCConfigurationList section */
		E19CFE922377D61100499A02 /* Build configuration list for PBXProject "FFmpegTask" */ = {
			isa = XCConfigurationList;
			buildConfigurations = (
				E19CFE9C2377D61100499A02 /* Debug */,
				E19CFE9D2377D61100499A02 /* Release */,
			);
			defaultConfigurationIsVisible = 0;
			defaultConfigurationName = Release;
		};
		E1B640DD238A8B28006F6502 /* Build configuration list for PBXNativeTarget "FFmpegTask" */ = {
			isa = XCConfigurationList;
			buildConfigurations = (
				E1B640DE238A8B28006F6502 /* Debug */,
				E1B640DF238A8B28006F6502 /* Release */,
			);
			defaultConfigurationIsVisible = 0;
			defaultConfigurationName = Release;
		};
/* End XCConfigurationList section */
	};
	rootObject = E19CFE8F2377D61100499A02 /* Project object */;
}
